// !$*UTF8*$!
{
	archiveVersion = 1;
	classes = {
	};
	objectVersion = 50;
	objects = {

/* Begin PBXBuildFile section */
		3B99F6632489EC0C00C06ED2 /* main.swift in Sources */ = {isa = PBXBuildFile; fileRef = 3B99F6622489EC0C00C06ED2 /* main.swift */; };
		3B99F66A2489F1A700C06ED2 /* RNCryptor.swift in Sources */ = {isa = PBXBuildFile; fileRef = 3B99F6692489F1A600C06ED2 /* RNCryptor.swift */; };
		3B99F66C2489F5A400C06ED2 /* PDEncrypt.swift in Sources */ = {isa = PBXBuildFile; fileRef = 3B99F66B2489F5A400C06ED2 /* PDEncrypt.swift */; };
		3B99F66E248A0AF700C06ED2 /* ConsoleIO.swift in Sources */ = {isa = PBXBuildFile; fileRef = 3B99F66D248A0AF700C06ED2 /* ConsoleIO.swift */; };
/* End PBXBuildFile section */

/* Begin PBXCopyFilesBuildPhase section */
		3B99F65D2489EC0B00C06ED2 /* CopyFiles */ = {
			isa = PBXCopyFilesBuildPhase;
			buildActionMask = 2147483647;
			dstPath = /usr/share/man/man1/;
			dstSubfolderSpec = 0;
			files = (
			);
			runOnlyForDeploymentPostprocessing = 1;
		};
/* End PBXCopyFilesBuildPhase section */

/* Begin PBXFileReference section */
		3B99F65F2489EC0B00C06ED2 /* PDAESEncryptTool */ = {isa = PBXFileReference; explicitFileType = "compiled.mach-o.executable"; includeInIndex = 0; path = PDAESEncryptTool; sourceTree = BUILT_PRODUCTS_DIR; };
		3B99F6622489EC0C00C06ED2 /* main.swift */ = {isa = PBXFileReference; lastKnownFileType = sourcecode.swift; path = main.swift; sourceTree = "<group>"; };
		3B99F6692489F1A600C06ED2 /* RNCryptor.swift */ = {isa = PBXFileReference; fileEncoding = 4; lastKnownFileType = sourcecode.swift; path = RNCryptor.swift; sourceTree = "<group>"; };
		3B99F66B2489F5A400C06ED2 /* PDEncrypt.swift */ = {isa = PBXFileReference; lastKnownFileType = sourcecode.swift; path = PDEncrypt.swift; sourceTree = "<group>"; };
		3B99F66D248A0AF700C06ED2 /* ConsoleIO.swift */ = {isa = PBXFileReference; lastKnownFileType = sourcecode.swift; path = ConsoleIO.swift; sourceTree = "<group>"; };
/* End PBXFileReference section */

/* Begin PBXFrameworksBuildPhase section */
		3B99F65C2489EC0B00C06ED2 /* Frameworks */ = {
			isa = PBXFrameworksBuildPhase;
			buildActionMask = 2147483647;
			files = (
			);
			runOnlyForDeploymentPostprocessing = 0;
		};
/* End PBXFrameworksBuildPhase section */

/* Begin PBXGroup section */
		3B99F6562489EC0B00C06ED2 = {
			isa = PBXGroup;
			children = (
				3B99F6612489EC0C00C06ED2 /* PDAESEncryptTool */,
				3B99F6602489EC0B00C06ED2 /* Products */,
			);
			sourceTree = "<group>";
		};
		3B99F6602489EC0B00C06ED2 /* Products */ = {
			isa = PBXGroup;
			children = (
				3B99F65F2489EC0B00C06ED2 /* PDAESEncryptTool */,
			);
			name = Products;
			sourceTree = "<group>";
		};
		3B99F6612489EC0C00C06ED2 /* PDAESEncryptTool */ = {
			isa = PBXGroup;
			children = (
				3B99F6692489F1A600C06ED2 /* RNCryptor.swift */,
				3B99F6622489EC0C00C06ED2 /* main.swift */,
				3B99F66B2489F5A400C06ED2 /* PDEncrypt.swift */,
				3B99F66D248A0AF700C06ED2 /* ConsoleIO.swift */,
			);
			path = PDAESEncryptTool;
			sourceTree = "<group>";
		};
/* End PBXGroup section */

/* Begin PBXNativeTarget section */
		3B99F65E2489EC0B00C06ED2 /* PDAESEncryptTool */ = {
			isa = PBXNativeTarget;
			buildConfigurationList = 3B99F6662489EC0C00C06ED2 /* Build configuration list for PBXNativeTarget "PDAESEncryptTool" */;
			buildPhases = (
				3B99F65B2489EC0B00C06ED2 /* Sources */,
				3B99F65C2489EC0B00C06ED2 /* Frameworks */,
				3B99F65D2489EC0B00C06ED2 /* CopyFiles */,
			);
			buildRules = (
			);
			dependencies = (
			);
			name = PDAESEncryptTool;
			productName = PDAESEncryptTool;
			productReference = 3B99F65F2489EC0B00C06ED2 /* PDAESEncryptTool */;
			productType = "com.apple.product-type.tool";
		};
/* End PBXNativeTarget section */

/* Begin PBXProject section */
		3B99F6572489EC0B00C06ED2 /* Project object */ = {
			isa = PBXProject;
			attributes = {
				LastSwiftUpdateCheck = 1140;
				LastUpgradeCheck = 1140;
				ORGANIZATIONNAME = "lei wang";
				TargetAttributes = {
					3B99F65E2489EC0B00C06ED2 = {
						CreatedOnToolsVersion = 11.4;
					};
				};
			};
			buildConfigurationList = 3B99F65A2489EC0B00C06ED2 /* Build configuration list for PBXProject "PDAESEncryptTool" */;
			compatibilityVersion = "Xcode 9.3";
			developmentRegion = en;
			hasScannedForEncodings = 0;
			knownRegions = (
				en,
				Base,
			);
			mainGroup = 3B99F6562489EC0B00C06ED2;
			productRefGroup = 3B99F6602489EC0B00C06ED2 /* Products */;
			projectDirPath = "";
			projectRoot = "";
			targets = (
				3B99F65E2489EC0B00C06ED2 /* PDAESEncryptTool */,
			);
		};
/* End PBXProject section */

/* Begin PBXSourcesBuildPhase section */
		3B99F65B2489EC0B00C06ED2 /* Sources */ = {
			isa = PBXSourcesBuildPhase;
			buildActionMask = 2147483647;
			files = (
				3B99F6632489EC0C00C06ED2 /* main.swift in Sources */,
				3B99F66E248A0AF700C06ED2 /* ConsoleIO.swift in Sources */,
				3B99F66A2489F1A700C06ED2 /* RNCryptor.swift in Sources */,
				3B99F66C2489F5A400C06ED2 /* PDEncrypt.swift in Sources */,
			);
			runOnlyForDeploymentPostprocessing = 0;
		};
/* End PBXSourcesBuildPhase section */

/* Begin XCBuildConfiguration section */
		3B99F6642489EC0C00C06ED2 /* Debug */ = {
			isa = XCBuildConfiguration;
			buildSettings = {
				ALWAYS_SEARCH_USER_PATHS = NO;
				CLANG_ANALYZER_NONNULL = YES;
				CLANG_ANALYZER_NUMBER_OBJECT_CONVERSION = YES_AGGRESSIVE;
				CLANG_CXX_LANGUAGE_STANDARD = "gnu++14";
				CLANG_CXX_LIBRARY = "libc++";
				CLANG_ENABLE_MODULES = YES;
				CLANG_ENABLE_OBJC_ARC = YES;
				CLANG_ENABLE_OBJC_WEAK = YES;
				CLANG_WARN_BLOCK_CAPTURE_AUTORELEASING = YES;
				CLANG_WARN_BOOL_CONVERSION = YES;
				CLANG_WARN_COMMA = YES;
				CLANG_WARN_CONSTANT_CONVERSION = YES;
				CLANG_WARN_DEPRECATED_OBJC_IMPLEMENTATIONS = YES;
				CLANG_WARN_DIRECT_OBJC_ISA_USAGE = YES_ERROR;
				CLANG_WARN_DOCUMENTATION_COMMENTS = YES;
				CLANG_WARN_EMPTY_BODY = YES;
				CLANG_WARN_ENUM_CONVERSION = YES;
				CLANG_WARN_INFINITE_RECURSION = YES;
				CLANG_WARN_INT_CONVERSION = YES;
				CLANG_WARN_NON_LITERAL_NULL_CONVERSION = YES;
				CLANG_WARN_OBJC_IMPLICIT_RETAIN_SELF = YES;
				CLANG_WARN_OBJC_LITERAL_CONVERSION = YES;
				CLANG_WARN_OBJC_ROOT_CLASS = YES_ERROR;
				CLANG_WARN_RANGE_LOOP_ANALYSIS = YES;
				CLANG_WARN_STRICT_PROTOTYPES = YES;
				CLANG_WARN_SUSPICIOUS_MOVE = YES;
				CLANG_WARN_UNGUARDED_AVAILABILITY = YES_AGGRESSIVE;
				CLANG_WARN_UNREACHABLE_CODE = YES;
				CLANG_WARN__DUPLICATE_METHOD_MATCH = YES;
				COPY_PHASE_STRIP = NO;
				DEBUG_INFORMATION_FORMAT = dwarf;
				ENABLE_STRICT_OBJC_MSGSEND = YES;
				ENABLE_TESTABILITY = YES;
				GCC_C_LANGUAGE_STANDARD = gnu11;
				GCC_DYNAMIC_NO_PIC = NO;
				GCC_NO_COMMON_BLOCKS = YES;
				GCC_OPTIMIZATION_LEVEL = 0;
				GCC_PREPROCESSOR_DEFINITIONS = (
					"DEBUG=1",
					"$(inherited)",
				);
				GCC_WARN_64_TO_32_BIT_CONVERSION = YES;
				GCC_WARN_ABOUT_RETURN_TYPE = YES_ERROR;
				GCC_WARN_UNDECLARED_SELECTOR = YES;
				GCC_WARN_UNINITIALIZED_AUTOS = YES_AGGRESSIVE;
				GCC_WARN_UNUSED_FUNCTION = YES;
				GCC_WARN_UNUSED_VARIABLE = YES;
				MACOSX_DEPLOYMENT_TARGET = 10.15;
				MTL_ENABLE_DEBUG_INFO = INCLUDE_SOURCE;
				MTL_FAST_MATH = YES;
				ONLY_ACTIVE_ARCH = YES;
				SDKROOT = macosx;
				SWIFT_ACTIVE_COMPILATION_CONDITIONS = DEBUG;
				SWIFT_OPTIMIZATION_LEVEL = "-Onone";
			};
			name = Debug;
		};
		3B99F6652489EC0C00C06ED2 /* Release */ = {
			isa = XCBuildConfiguration;
			buildSettings = {
				ALWAYS_SEARCH_USER_PATHS = NO;
				CLANG_ANALYZER_NONNULL = YES;
				CLANG_ANALYZER_NUMBER_OBJECT_CONVERSION = YES_AGGRESSIVE;
				CLANG_CXX_LANGUAGE_STANDARD = "gnu++14";
				CLANG_CXX_LIBRARY = "libc++";
				CLANG_ENABLE_MODULES = YES;
				CLANG_ENABLE_OBJC_ARC = YES;
				CLANG_ENABLE_OBJC_WEAK = YES;
				CLANG_WARN_BLOCK_CAPTURE_AUTORELEASING = YES;
				CLANG_WARN_BOOL_CONVERSION = YES;
				CLANG_WARN_COMMA = YES;
				CLANG_WARN_CONSTANT_CONVERSION = YES;
				CLANG_WARN_DEPRECATED_OBJC_IMPLEMENTATIONS = YES;
				CLANG_WARN_DIRECT_OBJC_ISA_USAGE = YES_ERROR;
				CLANG_WARN_DOCUMENTATION_COMMENTS = YES;
				CLANG_WARN_EMPTY_BODY = YES;
				CLANG_WARN_ENUM_CONVERSION = YES;
				CLANG_WARN_INFINITE_RECURSION = YES;
				CLANG_WARN_INT_CONVERSION = YES;
				CLANG_WARN_NON_LITERAL_NULL_CONVERSION = YES;
				CLANG_WARN_OBJC_IMPLICIT_RETAIN_SELF = YES;
				CLANG_WARN_OBJC_LITERAL_CONVERSION = YES;
				CLANG_WARN_OBJC_ROOT_CLASS = YES_ERROR;
				CLANG_WARN_RANGE_LOOP_ANALYSIS = YES;
				CLANG_WARN_STRICT_PROTOTYPES = YES;
				CLANG_WARN_SUSPICIOUS_MOVE = YES;
				CLANG_WARN_UNGUARDED_AVAILABILITY = YES_AGGRESSIVE;
				CLANG_WARN_UNREACHABLE_CODE = YES;
				CLANG_WARN__DUPLICATE_METHOD_MATCH = YES;
				COPY_PHASE_STRIP = NO;
				DEBUG_INFORMATION_FORMAT = "dwarf-with-dsym";
				ENABLE_NS_ASSERTIONS = NO;
				ENABLE_STRICT_OBJC_MSGSEND = YES;
				GCC_C_LANGUAGE_STANDARD = gnu11;
				GCC_NO_COMMON_BLOCKS = YES;
				GCC_WARN_64_TO_32_BIT_CONVERSION = YES;
				GCC_WARN_ABOUT_RETURN_TYPE = YES_ERROR;
				GCC_WARN_UNDECLARED_SELECTOR = YES;
				GCC_WARN_UNINITIALIZED_AUTOS = YES_AGGRESSIVE;
				GCC_WARN_UNUSED_FUNCTION = YES;
				GCC_WARN_UNUSED_VARIABLE = YES;
				MACOSX_DEPLOYMENT_TARGET = 10.15;
				MTL_ENABLE_DEBUG_INFO = NO;
				MTL_FAST_MATH = YES;
				SDKROOT = macosx;
				SWIFT_COMPILATION_MODE = wholemodule;
				SWIFT_OPTIMIZATION_LEVEL = "-O";
			};
			name = Release;
		};
		3B99F6672489EC0C00C06ED2 /* Debug */ = {
			isa = XCBuildConfiguration;
			buildSettings = {
				CODE_SIGN_STYLE = Automatic;
				DEVELOPMENT_TEAM = CG4F88GY6X;
				ENABLE_HARDENED_RUNTIME = YES;
				PRODUCT_NAME = "$(TARGET_NAME)";
				SWIFT_VERSION = 5.0;
			};
			name = Debug;
		};
		3B99F6682489EC0C00C06ED2 /* Release */ = {
			isa = XCBuildConfiguration;
			buildSettings = {
				CODE_SIGN_STYLE = Automatic;
				DEVELOPMENT_TEAM = CG4F88GY6X;
				ENABLE_HARDENED_RUNTIME = YES;
				PRODUCT_NAME = "$(TARGET_NAME)";
				SWIFT_VERSION = 5.0;
			};
			name = Release;
		};
/* End XCBuildConfiguration section */

/* Begin XCConfigurationList section */
		3B99F65A2489EC0B00C06ED2 /* Build configuration list for PBXProject "PDAESEncryptTool" */ = {
			isa = XCConfigurationList;
			buildConfigurations = (
				3B99F6642489EC0C00C06ED2 /* Debug */,
				3B99F6652489EC0C00C06ED2 /* Release */,
			);
			defaultConfigurationIsVisible = 0;
			defaultConfigurationName = Release;
		};
		3B99F6662489EC0C00C06ED2 /* Build configuration list for PBXNativeTarget "PDAESEncryptTool" */ = {
			isa = XCConfigurationList;
			buildConfigurations = (
				3B99F6672489EC0C00C06ED2 /* Debug */,
				3B99F6682489EC0C00C06ED2 /* Release */,
			);
			defaultConfigurationIsVisible = 0;
			defaultConfigurationName = Release;
		};
/* End XCConfigurationList section */
	};
	rootObject = 3B99F6572489EC0B00C06ED2 /* Project object */;
}
